
Microsoft Visual Studio Solution File, Format Version 12.00
# Visual Studio 15
VisualStudioVersion = 15.0.28307.757
MinimumVisualStudioVersion = 10.0.40219.1
Project("{9A19103F-16F7-4668-BE54-9A1E7A4F7556}") = "MovieLand", "MovieLand\MovieLand.csproj", "{A0109E0B-D716-4208-82ED-90EFE73767F7}"
EndProject
Project("{9A19103F-16F7-4668-BE54-9A1E7A4F7556}") = "MovieLand.Data", "MovieLand.Data\MovieLand.Data.csproj", "{C69F330F-B7C7-43BC-BC59-E6B3CF28EC57}"
EndProject
Project("{9A19103F-16F7-4668-BE54-9A1E7A4F7556}") = "MovieLand.BLL", "MovieLand.BLL\MovieLand.BLL.csproj", "{3B23FFBC-0C4A-448E-883B-F98D92EA18BF}"
EndProject
Project("{FAE04EC0-301F-11D3-BF4B-00C04F79EFBC}") = "MovieLand.Api", "MovieLand.Api\MovieLand.Api.csproj", "{A30A2968-A478-44A0-B011-76AE3C41B727}"
EndProject
Global
	GlobalSection(SolutionConfigurationPlatforms) = preSolution
		Debug|Any CPU = Debug|Any CPU
		Release|Any CPU = Release|Any CPU
	EndGlobalSection
	GlobalSection(ProjectConfigurationPlatforms) = postSolution
		{A0109E0B-D716-4208-82ED-90EFE73767F7}.Debug|Any CPU.ActiveCfg = Debug|Any CPU
		{A0109E0B-D716-4208-82ED-90EFE73767F7}.Debug|Any CPU.Build.0 = Debug|Any CPU
		{A0109E0B-D716-4208-82ED-90EFE73767F7}.Release|Any CPU.ActiveCfg = Release|Any CPU
		{A0109E0B-D716-4208-82ED-90EFE73767F7}.Release|Any CPU.Build.0 = Release|Any CPU
		{C69F330F-B7C7-43BC-BC59-E6B3CF28EC57}.Debug|Any CPU.ActiveCfg = Debug|Any CPU
		{C69F330F-B7C7-43BC-BC59-E6B3CF28EC57}.Debug|Any CPU.Build.0 = Debug|Any CPU
		{C69F330F-B7C7-43BC-BC59-E6B3CF28EC57}.Release|Any CPU.ActiveCfg = Release|Any CPU
		{C69F330F-B7C7-43BC-BC59-E6B3CF28EC57}.Release|Any CPU.Build.0 = Release|Any CPU
		{3B23FFBC-0C4A-448E-883B-F98D92EA18BF}.Debug|Any CPU.ActiveCfg = Debug|Any CPU
		{3B23FFBC-0C4A-448E-883B-F98D92EA18BF}.Debug|Any CPU.Build.0 = Debug|Any CPU
		{3B23FFBC-0C4A-448E-883B-F98D92EA18BF}.Release|Any CPU.ActiveCfg = Release|Any CPU
		{3B23FFBC-0C4A-448E-883B-F98D92EA18BF}.Release|Any CPU.Build.0 = Release|Any CPU
		{A30A2968-A478-44A0-B011-76AE3C41B727}.Debug|Any CPU.ActiveCfg = Debug|Any CPU
		{A30A2968-A478-44A0-B011-76AE3C41B727}.Debug|Any CPU.Build.0 = Debug|Any CPU
		{A30A2968-A478-44A0-B011-76AE3C41B727}.Release|Any CPU.ActiveCfg = Release|Any CPU
		{A30A2968-A478-44A0-B011-76AE3C41B727}.Release|Any CPU.Build.0 = Release|Any CPU
	EndGlobalSection
	GlobalSection(SolutionProperties) = preSolution
		HideSolutionNode = FALSE
	EndGlobalSection
	GlobalSection(ExtensibilityGlobals) = postSolution
		SolutionGuid = {E9C8B62C-C364-4184-93E8-D5B2D484095C}
	EndGlobalSection
EndGlobal
